
Microsoft Visual Studio Solution File, Format Version 12.00
# Visual Studio Version 17
VisualStudioVersion = 17.0.31903.59
MinimumVisualStudioVersion = 10.0.40219.1
Project("{FAE04EC0-301F-11D3-BF4B-00C04F79EFBC}") = "CodeUI.AppHost", "CodeUI.AppHost\CodeUI.AppHost.csproj", "{D3E6C795-2DAC-46D7-BC92-0D29223409D8}"
EndProject
Project("{FAE04EC0-301F-11D3-BF4B-00C04F79EFBC}") = "CodeUI.Web", "CodeUI.Web\CodeUI.Web.csproj", "{3F311D59-47DE-4F37-800B-DB58E64498A6}"
EndProject
Project("{FAE04EC0-301F-11D3-BF4B-00C04F79EFBC}") = "CodeUI.Core", "CodeUI.Core\CodeUI.Core.csproj", "{DD86500E-2622-412C-A91C-A74F360AD9FF}"
EndProject
Project("{FAE04EC0-301F-11D3-BF4B-00C04F79EFBC}") = "CodeUI.Orleans", "CodeUI.Orleans\CodeUI.Orleans.csproj", "{097D16E5-7AE1-460F-B329-AEE7C1AAA153}"
EndProject
Global
	GlobalSection(SolutionConfigurationPlatforms) = preSolution
		Debug|Any CPU = Debug|Any CPU
		Release|Any CPU = Release|Any CPU
	EndGlobalSection
	GlobalSection(SolutionProperties) = preSolution
		HideSolutionNode = FALSE
	EndGlobalSection
	GlobalSection(ProjectConfigurationPlatforms) = postSolution
		{D3E6C795-2DAC-46D7-BC92-0D29223409D8}.Debug|Any CPU.ActiveCfg = Debug|Any CPU
		{D3E6C795-2DAC-46D7-BC92-0D29223409D8}.Debug|Any CPU.Build.0 = Debug|Any CPU
		{D3E6C795-2DAC-46D7-BC92-0D29223409D8}.Release|Any CPU.ActiveCfg = Release|Any CPU
		{D3E6C795-2DAC-46D7-BC92-0D29223409D8}.Release|Any CPU.Build.0 = Release|Any CPU
		{3F311D59-47DE-4F37-800B-DB58E64498A6}.Debug|Any CPU.ActiveCfg = Debug|Any CPU
		{3F311D59-47DE-4F37-800B-DB58E64498A6}.Debug|Any CPU.Build.0 = Debug|Any CPU
		{3F311D59-47DE-4F37-800B-DB58E64498A6}.Release|Any CPU.ActiveCfg = Release|Any CPU
		{3F311D59-47DE-4F37-800B-DB58E64498A6}.Release|Any CPU.Build.0 = Release|Any CPU
		{DD86500E-2622-412C-A91C-A74F360AD9FF}.Debug|Any CPU.ActiveCfg = Debug|Any CPU
		{DD86500E-2622-412C-A91C-A74F360AD9FF}.Debug|Any CPU.Build.0 = Debug|Any CPU
		{DD86500E-2622-412C-A91C-A74F360AD9FF}.Release|Any CPU.ActiveCfg = Release|Any CPU
		{DD86500E-2622-412C-A91C-A74F360AD9FF}.Release|Any CPU.Build.0 = Release|Any CPU
		{097D16E5-7AE1-460F-B329-AEE7C1AAA153}.Debug|Any CPU.ActiveCfg = Debug|Any CPU
		{097D16E5-7AE1-460F-B329-AEE7C1AAA153}.Debug|Any CPU.Build.0 = Debug|Any CPU
		{097D16E5-7AE1-460F-B329-AEE7C1AAA153}.Release|Any CPU.ActiveCfg = Release|Any CPU
		{097D16E5-7AE1-460F-B329-AEE7C1AAA153}.Release|Any CPU.Build.0 = Release|Any CPU
	EndGlobalSection
EndGlobal
