
Microsoft Visual Studio Solution File, Format Version 12.00
# Visual Studio Version 17
VisualStudioVersion = 17.0.31903.59
MinimumVisualStudioVersion = 10.0.40219.1
Project("{FAE04EC0-301F-11D3-BF4B-00C04F79EFBC}") = "CodeUI.AppHost", "CodeUI.AppHost\CodeUI.AppHost.csproj", "{D338BBA4-1886-4F18-8BE8-C4E1EC4FEBD3}"
EndProject
Project("{FAE04EC0-301F-11D3-BF4B-00C04F79EFBC}") = "CodeUI.Web", "CodeUI.Web\CodeUI.Web.csproj", "{DBCDB65A-7E7C-4359-9BB4-C06F054E9713}"
EndProject
Project("{FAE04EC0-301F-11D3-BF4B-00C04F79EFBC}") = "CodeUI.Core", "CodeUI.Core\CodeUI.Core.csproj", "{DE427428-6DAF-419C-A97F-916B787F6C93}"
EndProject
Project("{FAE04EC0-301F-11D3-BF4B-00C04F79EFBC}") = "CodeUI.Orleans", "CodeUI.Orleans\CodeUI.Orleans.csproj", "{08FBB79C-AA5C-48A4-BAF3-26E656D43733}"
EndProject
Project("{FAE04EC0-301F-11D3-BF4B-00C04F79EFBC}") = "CodeUI.Tests", "CodeUI.Tests\CodeUI.Tests.csproj", "{8C72C9DD-F257-4C31-87F2-8CFF2761AF33}"
EndProject
Project("{FAE04EC0-301F-11D3-BF4B-00C04F79EFBC}") = "CodeUI.AspireTests", "CodeUI.AspireTests\CodeUI.AspireTests.csproj", "{B32EC8F5-2EAB-4F1D-80F8-976112CF859C}"
EndProject
Global
	GlobalSection(SolutionConfigurationPlatforms) = preSolution
		Debug|Any CPU = Debug|Any CPU
		Debug|x64 = Debug|x64
		Debug|x86 = Debug|x86
		Release|Any CPU = Release|Any CPU
		Release|x64 = Release|x64
		Release|x86 = Release|x86
	EndGlobalSection
	GlobalSection(ProjectConfigurationPlatforms) = postSolution
		{D338BBA4-1886-4F18-8BE8-C4E1EC4FEBD3}.Debug|Any CPU.ActiveCfg = Debug|Any CPU
		{D338BBA4-1886-4F18-8BE8-C4E1EC4FEBD3}.Debug|Any CPU.Build.0 = Debug|Any CPU
		{D338BBA4-1886-4F18-8BE8-C4E1EC4FEBD3}.Debug|x64.ActiveCfg = Debug|Any CPU
		{D338BBA4-1886-4F18-8BE8-C4E1EC4FEBD3}.Debug|x64.Build.0 = Debug|Any CPU
		{D338BBA4-1886-4F18-8BE8-C4E1EC4FEBD3}.Debug|x86.ActiveCfg = Debug|Any CPU
		{D338BBA4-1886-4F18-8BE8-C4E1EC4FEBD3}.Debug|x86.Build.0 = Debug|Any CPU
		{D338BBA4-1886-4F18-8BE8-C4E1EC4FEBD3}.Release|Any CPU.ActiveCfg = Release|Any CPU
		{D338BBA4-1886-4F18-8BE8-C4E1EC4FEBD3}.Release|Any CPU.Build.0 = Release|Any CPU
		{D338BBA4-1886-4F18-8BE8-C4E1EC4FEBD3}.Release|x64.ActiveCfg = Release|Any CPU
		{D338BBA4-1886-4F18-8BE8-C4E1EC4FEBD3}.Release|x64.Build.0 = Release|Any CPU
		{D338BBA4-1886-4F18-8BE8-C4E1EC4FEBD3}.Release|x86.ActiveCfg = Release|Any CPU
		{D338BBA4-1886-4F18-8BE8-C4E1EC4FEBD3}.Release|x86.Build.0 = Release|Any CPU
		{DBCDB65A-7E7C-4359-9BB4-C06F054E9713}.Debug|Any CPU.ActiveCfg = Debug|Any CPU
		{DBCDB65A-7E7C-4359-9BB4-C06F054E9713}.Debug|Any CPU.Build.0 = Debug|Any CPU
		{DBCDB65A-7E7C-4359-9BB4-C06F054E9713}.Debug|x64.ActiveCfg = Debug|Any CPU
		{DBCDB65A-7E7C-4359-9BB4-C06F054E9713}.Debug|x64.Build.0 = Debug|Any CPU
		{DBCDB65A-7E7C-4359-9BB4-C06F054E9713}.Debug|x86.ActiveCfg = Debug|Any CPU
		{DBCDB65A-7E7C-4359-9BB4-C06F054E9713}.Debug|x86.Build.0 = Debug|Any CPU
		{DBCDB65A-7E7C-4359-9BB4-C06F054E9713}.Release|Any CPU.ActiveCfg = Release|Any CPU
		{DBCDB65A-7E7C-4359-9BB4-C06F054E9713}.Release|Any CPU.Build.0 = Release|Any CPU
		{DBCDB65A-7E7C-4359-9BB4-C06F054E9713}.Release|x64.ActiveCfg = Release|Any CPU
		{DBCDB65A-7E7C-4359-9BB4-C06F054E9713}.Release|x64.Build.0 = Release|Any CPU
		{DBCDB65A-7E7C-4359-9BB4-C06F054E9713}.Release|x86.ActiveCfg = Release|Any CPU
		{DBCDB65A-7E7C-4359-9BB4-C06F054E9713}.Release|x86.Build.0 = Release|Any CPU
		{DE427428-6DAF-419C-A97F-916B787F6C93}.Debug|Any CPU.ActiveCfg = Debug|Any CPU
		{DE427428-6DAF-419C-A97F-916B787F6C93}.Debug|Any CPU.Build.0 = Debug|Any CPU
		{DE427428-6DAF-419C-A97F-916B787F6C93}.Debug|x64.ActiveCfg = Debug|Any CPU
		{DE427428-6DAF-419C-A97F-916B787F6C93}.Debug|x64.Build.0 = Debug|Any CPU
		{DE427428-6DAF-419C-A97F-916B787F6C93}.Debug|x86.ActiveCfg = Debug|Any CPU
		{DE427428-6DAF-419C-A97F-916B787F6C93}.Debug|x86.Build.0 = Debug|Any CPU
		{DE427428-6DAF-419C-A97F-916B787F6C93}.Release|Any CPU.ActiveCfg = Release|Any CPU
		{DE427428-6DAF-419C-A97F-916B787F6C93}.Release|Any CPU.Build.0 = Release|Any CPU
		{DE427428-6DAF-419C-A97F-916B787F6C93}.Release|x64.ActiveCfg = Release|Any CPU
		{DE427428-6DAF-419C-A97F-916B787F6C93}.Release|x64.Build.0 = Release|Any CPU
		{DE427428-6DAF-419C-A97F-916B787F6C93}.Release|x86.ActiveCfg = Release|Any CPU
		{DE427428-6DAF-419C-A97F-916B787F6C93}.Release|x86.Build.0 = Release|Any CPU
		{08FBB79C-AA5C-48A4-BAF3-26E656D43733}.Debug|Any CPU.ActiveCfg = Debug|Any CPU
		{08FBB79C-AA5C-48A4-BAF3-26E656D43733}.Debug|Any CPU.Build.0 = Debug|Any CPU
		{08FBB79C-AA5C-48A4-BAF3-26E656D43733}.Debug|x64.ActiveCfg = Debug|Any CPU
		{08FBB79C-AA5C-48A4-BAF3-26E656D43733}.Debug|x64.Build.0 = Debug|Any CPU
		{08FBB79C-AA5C-48A4-BAF3-26E656D43733}.Debug|x86.ActiveCfg = Debug|Any CPU
		{08FBB79C-AA5C-48A4-BAF3-26E656D43733}.Debug|x86.Build.0 = Debug|Any CPU
		{08FBB79C-AA5C-48A4-BAF3-26E656D43733}.Release|Any CPU.ActiveCfg = Release|Any CPU
		{08FBB79C-AA5C-48A4-BAF3-26E656D43733}.Release|Any CPU.Build.0 = Release|Any CPU
		{08FBB79C-AA5C-48A4-BAF3-26E656D43733}.Release|x64.ActiveCfg = Release|Any CPU
		{08FBB79C-AA5C-48A4-BAF3-26E656D43733}.Release|x64.Build.0 = Release|Any CPU
		{08FBB79C-AA5C-48A4-BAF3-26E656D43733}.Release|x86.ActiveCfg = Release|Any CPU
		{08FBB79C-AA5C-48A4-BAF3-26E656D43733}.Release|x86.Build.0 = Release|Any CPU
		{8C72C9DD-F257-4C31-87F2-8CFF2761AF33}.Debug|Any CPU.ActiveCfg = Debug|Any CPU
		{8C72C9DD-F257-4C31-87F2-8CFF2761AF33}.Debug|Any CPU.Build.0 = Debug|Any CPU
		{8C72C9DD-F257-4C31-87F2-8CFF2761AF33}.Debug|x64.ActiveCfg = Debug|Any CPU
		{8C72C9DD-F257-4C31-87F2-8CFF2761AF33}.Debug|x64.Build.0 = Debug|Any CPU
		{8C72C9DD-F257-4C31-87F2-8CFF2761AF33}.Debug|x86.ActiveCfg = Debug|Any CPU
		{8C72C9DD-F257-4C31-87F2-8CFF2761AF33}.Debug|x86.Build.0 = Debug|Any CPU
		{8C72C9DD-F257-4C31-87F2-8CFF2761AF33}.Release|Any CPU.ActiveCfg = Release|Any CPU
		{8C72C9DD-F257-4C31-87F2-8CFF2761AF33}.Release|Any CPU.Build.0 = Release|Any CPU
		{8C72C9DD-F257-4C31-87F2-8CFF2761AF33}.Release|x64.ActiveCfg = Release|Any CPU
		{8C72C9DD-F257-4C31-87F2-8CFF2761AF33}.Release|x64.Build.0 = Release|Any CPU
		{8C72C9DD-F257-4C31-87F2-8CFF2761AF33}.Release|x86.ActiveCfg = Release|Any CPU
		{8C72C9DD-F257-4C31-87F2-8CFF2761AF33}.Release|x86.Build.0 = Release|Any CPU
		{B32EC8F5-2EAB-4F1D-80F8-976112CF859C}.Debug|Any CPU.ActiveCfg = Debug|Any CPU
		{B32EC8F5-2EAB-4F1D-80F8-976112CF859C}.Debug|Any CPU.Build.0 = Debug|Any CPU
		{B32EC8F5-2EAB-4F1D-80F8-976112CF859C}.Debug|x64.ActiveCfg = Debug|Any CPU
		{B32EC8F5-2EAB-4F1D-80F8-976112CF859C}.Debug|x64.Build.0 = Debug|Any CPU
		{B32EC8F5-2EAB-4F1D-80F8-976112CF859C}.Debug|x86.ActiveCfg = Debug|Any CPU
		{B32EC8F5-2EAB-4F1D-80F8-976112CF859C}.Debug|x86.Build.0 = Debug|Any CPU
		{B32EC8F5-2EAB-4F1D-80F8-976112CF859C}.Release|Any CPU.ActiveCfg = Release|Any CPU
		{B32EC8F5-2EAB-4F1D-80F8-976112CF859C}.Release|Any CPU.Build.0 = Release|Any CPU
		{B32EC8F5-2EAB-4F1D-80F8-976112CF859C}.Release|x64.ActiveCfg = Release|Any CPU
		{B32EC8F5-2EAB-4F1D-80F8-976112CF859C}.Release|x64.Build.0 = Release|Any CPU
		{B32EC8F5-2EAB-4F1D-80F8-976112CF859C}.Release|x86.ActiveCfg = Release|Any CPU
		{B32EC8F5-2EAB-4F1D-80F8-976112CF859C}.Release|x86.Build.0 = Release|Any CPU
	EndGlobalSection
	GlobalSection(SolutionProperties) = preSolution
		HideSolutionNode = FALSE
	EndGlobalSection
EndGlobal
